
Microsoft Visual Studio Solution File, Format Version 12.00
# Visual Studio Version 17
VisualStudioVersion = 17.8.34525.116
MinimumVisualStudioVersion = 10.0.40219.1
Project("{FAE04EC0-301F-11D3-BF4B-00C04F79EFBC}") = "KG_1", "KG_1\KG_1.csproj", "{8798000C-CA78-45A9-8124-BC29F9618B1C}"
EndProject
Global
	GlobalSection(SolutionConfigurationPlatforms) = preSolution
		Debug|Any CPU = Debug|Any CPU
		Release|Any CPU = Release|Any CPU
	EndGlobalSection
	GlobalSection(ProjectConfigurationPlatforms) = postSolution
		{8798000C-CA78-45A9-8124-BC29F9618B1C}.Debug|Any CPU.ActiveCfg = Debug|Any CPU
		{8798000C-CA78-45A9-8124-BC29F9618B1C}.Debug|Any CPU.Build.0 = Debug|Any CPU
		{8798000C-CA78-45A9-8124-BC29F9618B1C}.Release|Any CPU.ActiveCfg = Release|Any CPU
		{8798000C-CA78-45A9-8124-BC29F9618B1C}.Release|Any CPU.Build.0 = Release|Any CPU
	EndGlobalSection
	GlobalSection(SolutionProperties) = preSolution
		HideSolutionNode = FALSE
	EndGlobalSection
	GlobalSection(ExtensibilityGlobals) = postSolution
		SolutionGuid = {56633618-D2A7-4985-96B9-691929B4E0A6}
	EndGlobalSection
EndGlobal
